
Microsoft Visual Studio Solution File, Format Version 12.00
# Visual Studio Version 16
VisualStudioVersion = 16.0.30225.117
MinimumVisualStudioVersion = 10.0.40219.1
Project("{F14B399A-7131-4C87-9E4B-1186C45EF12D}") = "SSRSDemos", "SSRSDemos.rptproj", "{21862CF9-E63F-44EB-BB21-1DE42A6495F0}"
EndProject
Global
	GlobalSection(SolutionConfigurationPlatforms) = preSolution
		Debug|Default = Debug|Default
		DebugLocal|Default = DebugLocal|Default
		Release|Default = Release|Default
	EndGlobalSection
	GlobalSection(ProjectConfigurationPlatforms) = postSolution
		{21862CF9-E63F-44EB-BB21-1DE42A6495F0}.Debug|Default.ActiveCfg = Debug
		{21862CF9-E63F-44EB-BB21-1DE42A6495F0}.Debug|Default.Build.0 = Debug
		{21862CF9-E63F-44EB-BB21-1DE42A6495F0}.Debug|Default.Deploy.0 = Debug
		{21862CF9-E63F-44EB-BB21-1DE42A6495F0}.DebugLocal|Default.ActiveCfg = DebugLocal
		{21862CF9-E63F-44EB-BB21-1DE42A6495F0}.DebugLocal|Default.Build.0 = DebugLocal
		{21862CF9-E63F-44EB-BB21-1DE42A6495F0}.Release|Default.ActiveCfg = Release
		{21862CF9-E63F-44EB-BB21-1DE42A6495F0}.Release|Default.Build.0 = Release
		{21862CF9-E63F-44EB-BB21-1DE42A6495F0}.Release|Default.Deploy.0 = Release
	EndGlobalSection
	GlobalSection(SolutionProperties) = preSolution
		HideSolutionNode = FALSE
	EndGlobalSection
	GlobalSection(ExtensibilityGlobals) = postSolution
		SolutionGuid = {D7A09D90-3F7A-49B5-8130-54137C00499E}
	EndGlobalSection
EndGlobal
